
Microsoft Visual Studio Solution File, Format Version 12.00
# Visual Studio Version 17
VisualStudioVersion = 17.10.35013.160
MinimumVisualStudioVersion = 10.0.40219.1
Project("{FAE04EC0-301F-11D3-BF4B-00C04F79EFBC}") = "EventEase", "EventEase.csproj", "{D7D05366-AFA7-44FF-BD6F-902BB2B08B65}"
EndProject
Global
	GlobalSection(SolutionConfigurationPlatforms) = preSolution
		Debug|Any CPU = Debug|Any CPU
		Release|Any CPU = Release|Any CPU
	EndGlobalSection
	GlobalSection(ProjectConfigurationPlatforms) = postSolution
		{D7D05366-AFA7-44FF-BD6F-902BB2B08B65}.Debug|Any CPU.ActiveCfg = Debug|Any CPU
		{D7D05366-AFA7-44FF-BD6F-902BB2B08B65}.Debug|Any CPU.Build.0 = Debug|Any CPU
		{D7D05366-AFA7-44FF-BD6F-902BB2B08B65}.Release|Any CPU.ActiveCfg = Release|Any CPU
		{D7D05366-AFA7-44FF-BD6F-902BB2B08B65}.Release|Any CPU.Build.0 = Release|Any CPU
	EndGlobalSection
	GlobalSection(SolutionProperties) = preSolution
		HideSolutionNode = FALSE
	EndGlobalSection
	GlobalSection(ExtensibilityGlobals) = postSolution
		SolutionGuid = {C88740C8-1A58-4FC8-BD56-5B63824241D5}
	EndGlobalSection
EndGlobal
